
Microsoft Visual Studio Solution File, Format Version 12.00
# Visual Studio 15
VisualStudioVersion = 15.0.27428.2015
MinimumVisualStudioVersion = 10.0.40219.1
Project("{FAE04EC0-301F-11D3-BF4B-00C04F79EFBC}") = "UsingWebControls", "UsingWebControls\UsingWebControls.csproj", "{B630F06C-D510-4E56-BECF-32E75C1FB2C6}"
EndProject
Global
	GlobalSection(SolutionConfigurationPlatforms) = preSolution
		Debug|Any CPU = Debug|Any CPU
		Release|Any CPU = Release|Any CPU
	EndGlobalSection
	GlobalSection(ProjectConfigurationPlatforms) = postSolution
		{B630F06C-D510-4E56-BECF-32E75C1FB2C6}.Debug|Any CPU.ActiveCfg = Debug|Any CPU
		{B630F06C-D510-4E56-BECF-32E75C1FB2C6}.Debug|Any CPU.Build.0 = Debug|Any CPU
		{B630F06C-D510-4E56-BECF-32E75C1FB2C6}.Release|Any CPU.ActiveCfg = Release|Any CPU
		{B630F06C-D510-4E56-BECF-32E75C1FB2C6}.Release|Any CPU.Build.0 = Release|Any CPU
	EndGlobalSection
	GlobalSection(SolutionProperties) = preSolution
		HideSolutionNode = FALSE
	EndGlobalSection
	GlobalSection(ExtensibilityGlobals) = postSolution
		SolutionGuid = {BA36CEC5-F76E-44E7-BAD7-24C9BB5A4DA4}
	EndGlobalSection
EndGlobal
